
Microsoft Visual Studio Solution File, Format Version 12.00
# Visual Studio Version 17
VisualStudioVersion = 17.5.002.0
MinimumVisualStudioVersion = 10.0.40219.1
Project("{9A19103F-16F7-4668-BE54-9A1E7A4F7556}") = "EmployeeManagement", "EmployeeManagement.csproj", "{2E95F0EC-D5FE-4494-919D-EA1229E6B9A4}"
EndProject
Global
	GlobalSection(SolutionConfigurationPlatforms) = preSolution
		Debug|Any CPU = Debug|Any CPU
		Release|Any CPU = Release|Any CPU
	EndGlobalSection
	GlobalSection(ProjectConfigurationPlatforms) = postSolution
		{2E95F0EC-D5FE-4494-919D-EA1229E6B9A4}.Debug|Any CPU.ActiveCfg = Debug|Any CPU
		{2E95F0EC-D5FE-4494-919D-EA1229E6B9A4}.Debug|Any CPU.Build.0 = Debug|Any CPU
		{2E95F0EC-D5FE-4494-919D-EA1229E6B9A4}.Release|Any CPU.ActiveCfg = Release|Any CPU
		{2E95F0EC-D5FE-4494-919D-EA1229E6B9A4}.Release|Any CPU.Build.0 = Release|Any CPU
	EndGlobalSection
	GlobalSection(SolutionProperties) = preSolution
		HideSolutionNode = FALSE
	EndGlobalSection
	GlobalSection(ExtensibilityGlobals) = postSolution
		SolutionGuid = {F8AA47E8-7A95-472F-8D99-4A1E0238E2EB}
	EndGlobalSection
EndGlobal
